
Microsoft Visual Studio Solution File, Format Version 12.00
# Visual Studio Version 17
VisualStudioVersion = 17.0.32002.185
MinimumVisualStudioVersion = 10.0.40219.1
Project("{FAE04EC0-301F-11D3-BF4B-00C04F79EFBC}") = "ContactManager", "ContactManager.csproj", "{FC88B523-F901-4EC9-A982-97CD70DDC168}"
EndProject
Global
	GlobalSection(SolutionConfigurationPlatforms) = preSolution
		Debug|Any CPU = Debug|Any CPU
		Release|Any CPU = Release|Any CPU
	EndGlobalSection
	GlobalSection(ProjectConfigurationPlatforms) = postSolution
		{FC88B523-F901-4EC9-A982-97CD70DDC168}.Debug|Any CPU.ActiveCfg = Debug|Any CPU
		{FC88B523-F901-4EC9-A982-97CD70DDC168}.Debug|Any CPU.Build.0 = Debug|Any CPU
		{FC88B523-F901-4EC9-A982-97CD70DDC168}.Release|Any CPU.ActiveCfg = Release|Any CPU
		{FC88B523-F901-4EC9-A982-97CD70DDC168}.Release|Any CPU.Build.0 = Release|Any CPU
	EndGlobalSection
	GlobalSection(SolutionProperties) = preSolution
		HideSolutionNode = FALSE
	EndGlobalSection
	GlobalSection(ExtensibilityGlobals) = postSolution
		SolutionGuid = {3D861869-A6F8-45E5-88AE-C7E73E564812}
	EndGlobalSection
EndGlobal
