
Microsoft Visual Studio Solution File, Format Version 12.00
# Visual Studio Version 17
VisualStudioVersion = 17.0.32002.185
MinimumVisualStudioVersion = 10.0.40219.1
Project("{FAE04EC0-301F-11D3-BF4B-00C04F79EFBC}") = "WebApp1", "WebApp1\WebApp1.csproj", "{CD5A4C5B-0E28-4ED1-970C-926A73FEC22E}"
EndProject
Global
	GlobalSection(SolutionConfigurationPlatforms) = preSolution
		Debug|Any CPU = Debug|Any CPU
		Release|Any CPU = Release|Any CPU
	EndGlobalSection
	GlobalSection(ProjectConfigurationPlatforms) = postSolution
		{CD5A4C5B-0E28-4ED1-970C-926A73FEC22E}.Debug|Any CPU.ActiveCfg = Debug|Any CPU
		{CD5A4C5B-0E28-4ED1-970C-926A73FEC22E}.Debug|Any CPU.Build.0 = Debug|Any CPU
		{CD5A4C5B-0E28-4ED1-970C-926A73FEC22E}.Release|Any CPU.ActiveCfg = Release|Any CPU
		{CD5A4C5B-0E28-4ED1-970C-926A73FEC22E}.Release|Any CPU.Build.0 = Release|Any CPU
	EndGlobalSection
	GlobalSection(SolutionProperties) = preSolution
		HideSolutionNode = FALSE
	EndGlobalSection
	GlobalSection(ExtensibilityGlobals) = postSolution
		SolutionGuid = {26E2A613-F52D-42DE-8E53-16D8F8D9D05B}
	EndGlobalSection
EndGlobal
